
Microsoft Visual Studio Solution File, Format Version 12.00
# Visual Studio Version 17
VisualStudioVersion = 17.11.35222.181
MinimumVisualStudioVersion = 10.0.40219.1
Project("{FAE04EC0-301F-11D3-BF4B-00C04F79EFBC}") = "reversednumber", "reversednumber.csproj", "{C0C12884-317F-4D08-81CF-F4AE3BB81FEE}"
EndProject
Global
	GlobalSection(SolutionConfigurationPlatforms) = preSolution
		Debug|Any CPU = Debug|Any CPU
		Release|Any CPU = Release|Any CPU
	EndGlobalSection
	GlobalSection(ProjectConfigurationPlatforms) = postSolution
		{C0C12884-317F-4D08-81CF-F4AE3BB81FEE}.Debug|Any CPU.ActiveCfg = Debug|Any CPU
		{C0C12884-317F-4D08-81CF-F4AE3BB81FEE}.Debug|Any CPU.Build.0 = Debug|Any CPU
		{C0C12884-317F-4D08-81CF-F4AE3BB81FEE}.Release|Any CPU.ActiveCfg = Release|Any CPU
		{C0C12884-317F-4D08-81CF-F4AE3BB81FEE}.Release|Any CPU.Build.0 = Release|Any CPU
	EndGlobalSection
	GlobalSection(SolutionProperties) = preSolution
		HideSolutionNode = FALSE
	EndGlobalSection
	GlobalSection(ExtensibilityGlobals) = postSolution
		SolutionGuid = {2FDB4CD9-2447-4194-9805-83454994960C}
	EndGlobalSection
EndGlobal
